
Microsoft Visual Studio Solution File, Format Version 12.00
# Visual Studio Version 17
VisualStudioVersion = 17.0.31912.275
MinimumVisualStudioVersion = 10.0.40219.1
Project("{FAE04EC0-301F-11D3-BF4B-00C04F79EFBC}") = "EFConnectApp", "EFConnectApp\EFConnectApp.csproj", "{3797E61F-E32A-4484-B0EA-B1A3CC64CF61}"
EndProject
Global
	GlobalSection(SolutionConfigurationPlatforms) = preSolution
		Debug|Any CPU = Debug|Any CPU
		Release|Any CPU = Release|Any CPU
	EndGlobalSection
	GlobalSection(ProjectConfigurationPlatforms) = postSolution
		{3797E61F-E32A-4484-B0EA-B1A3CC64CF61}.Debug|Any CPU.ActiveCfg = Debug|Any CPU
		{3797E61F-E32A-4484-B0EA-B1A3CC64CF61}.Debug|Any CPU.Build.0 = Debug|Any CPU
		{3797E61F-E32A-4484-B0EA-B1A3CC64CF61}.Release|Any CPU.ActiveCfg = Release|Any CPU
		{3797E61F-E32A-4484-B0EA-B1A3CC64CF61}.Release|Any CPU.Build.0 = Release|Any CPU
	EndGlobalSection
	GlobalSection(SolutionProperties) = preSolution
		HideSolutionNode = FALSE
	EndGlobalSection
	GlobalSection(ExtensibilityGlobals) = postSolution
		SolutionGuid = {4A249FFA-B244-497B-93B5-AC592ADA1E10}
	EndGlobalSection
EndGlobal
