
Microsoft Visual Studio Solution File, Format Version 12.00
# Visual Studio Version 17
VisualStudioVersion = 17.0.31912.275
MinimumVisualStudioVersion = 10.0.40219.1
Project("{FAE04EC0-301F-11D3-BF4B-00C04F79EFBC}") = "FirstAPI", "FirstAPI\FirstAPI.csproj", "{D6ED21C8-C3CE-471C-97B2-24E57F8B91FC}"
EndProject
Global
	GlobalSection(SolutionConfigurationPlatforms) = preSolution
		Debug|Any CPU = Debug|Any CPU
		Release|Any CPU = Release|Any CPU
	EndGlobalSection
	GlobalSection(ProjectConfigurationPlatforms) = postSolution
		{D6ED21C8-C3CE-471C-97B2-24E57F8B91FC}.Debug|Any CPU.ActiveCfg = Debug|Any CPU
		{D6ED21C8-C3CE-471C-97B2-24E57F8B91FC}.Debug|Any CPU.Build.0 = Debug|Any CPU
		{D6ED21C8-C3CE-471C-97B2-24E57F8B91FC}.Release|Any CPU.ActiveCfg = Release|Any CPU
		{D6ED21C8-C3CE-471C-97B2-24E57F8B91FC}.Release|Any CPU.Build.0 = Release|Any CPU
	EndGlobalSection
	GlobalSection(SolutionProperties) = preSolution
		HideSolutionNode = FALSE
	EndGlobalSection
	GlobalSection(ExtensibilityGlobals) = postSolution
		SolutionGuid = {F8F28992-026F-4DD3-A57E-71809A14465E}
	EndGlobalSection
EndGlobal
